
Microsoft Visual Studio Solution File, Format Version 12.00
# Visual Studio Version 17
VisualStudioVersion = 17.11.35303.130
MinimumVisualStudioVersion = 10.0.40219.1
Project("{2150E333-8FDC-42A3-9474-1A3956D46DE8}") = "Task0", "Task0", "{B8E9FF77-7476-46DD-943E-4C2C553E375B}"
EndProject
Project("{FAE04EC0-301F-11D3-BF4B-00C04F79EFBC}") = "Tyuiu.KovyazinAA.Sprint0.Task0.V0", "Tyuiu.KovyazinAA.Sprint0.Task0.V0\Tyuiu.KovyazinAA.Sprint0.Task0.V0.csproj", "{C99C6153-DD39-4151-9757-98BE2FCB8982}"
EndProject
Global
	GlobalSection(SolutionConfigurationPlatforms) = preSolution
		Debug|Any CPU = Debug|Any CPU
		Release|Any CPU = Release|Any CPU
	EndGlobalSection
	GlobalSection(ProjectConfigurationPlatforms) = postSolution
		{C99C6153-DD39-4151-9757-98BE2FCB8982}.Debug|Any CPU.ActiveCfg = Debug|Any CPU
		{C99C6153-DD39-4151-9757-98BE2FCB8982}.Debug|Any CPU.Build.0 = Debug|Any CPU
		{C99C6153-DD39-4151-9757-98BE2FCB8982}.Release|Any CPU.ActiveCfg = Release|Any CPU
		{C99C6153-DD39-4151-9757-98BE2FCB8982}.Release|Any CPU.Build.0 = Release|Any CPU
	EndGlobalSection
	GlobalSection(SolutionProperties) = preSolution
		HideSolutionNode = FALSE
	EndGlobalSection
	GlobalSection(NestedProjects) = preSolution
		{C99C6153-DD39-4151-9757-98BE2FCB8982} = {B8E9FF77-7476-46DD-943E-4C2C553E375B}
	EndGlobalSection
	GlobalSection(ExtensibilityGlobals) = postSolution
		SolutionGuid = {EACAB919-305C-40C6-B33B-89D36EBA3ADC}
	EndGlobalSection
EndGlobal
