
Microsoft Visual Studio Solution File, Format Version 12.00
# Visual Studio Version 17
VisualStudioVersion = 17.11.35303.130
MinimumVisualStudioVersion = 10.0.40219.1
Project("{2150E333-8FDC-42A3-9474-1A3956D46DE8}") = "Task0", "Task0", "{B8E9FF77-7476-46DD-943E-4C2C553E375B}"
EndProject
Project("{9A19103F-16F7-4668-BE54-9A1E7A4F7556}") = "Tyuiu.KovyazinAA.Sprint0.Task0.V0", "Tyuiu.KovyazinAA.Sprint0.Task0.V0\Tyuiu.KovyazinAA.Sprint0.Task0.V0.csproj", "{C99C6153-DD39-4151-9757-98BE2FCB8982}"
EndProject
Project("{2150E333-8FDC-42A3-9474-1A3956D46DE8}") = "Task1", "Task1", "{77C27AF7-9111-4850-AFFD-971E1493F5C0}"
EndProject
Project("{9A19103F-16F7-4668-BE54-9A1E7A4F7556}") = "Tyuiu.KovyazinAA.Sprint0.Task1.V0", "Tyuiu.KovyazinAA.Sprint0.Task1.V0\Tyuiu.KovyazinAA.Sprint0.Task1.V0.csproj", "{E3BE7E05-2064-478C-B084-6EABF1BD417B}"
EndProject
Project("{2150E333-8FDC-42A3-9474-1A3956D46DE8}") = "Task2", "Task2", "{2F8ED577-F473-4764-AE9E-982C6585D0CC}"
EndProject
Project("{9A19103F-16F7-4668-BE54-9A1E7A4F7556}") = "Tyuiu.KovyazinAA.Sprint0.Task2.V0", "Tyuiu.KovyazinAA.Sprint0.Task2.V0\Tyuiu.KovyazinAA.Sprint0.Task2.V0.csproj", "{CA6CB33A-A068-49D5-8753-CB8EDC677E4F}"
EndProject
Project("{9A19103F-16F7-4668-BE54-9A1E7A4F7556}") = "Tyuiu.KovyazinAA.Sprint0.Task2.V0.Lib", "Tyuiu.KovyazinAA.Sprint0.Task2.V0.Lib\Tyuiu.KovyazinAA.Sprint0.Task2.V0.Lib.csproj", "{B2103F17-5ADC-4153-8C51-422E8D273D9A}"
EndProject
Project("{9A19103F-16F7-4668-BE54-9A1E7A4F7556}") = "Tyuiu.KovyazinAA.Sprint0.Task2.V0.Test", "Tyuiu.KovyazinAA.Sprint0.Task2.V0.Test\Tyuiu.KovyazinAA.Sprint0.Task2.V0.Test.csproj", "{E516C9DD-2B20-4C24-94FA-CBCAB2E4AAD5}"
EndProject
Project("{2150E333-8FDC-42A3-9474-1A3956D46DE8}") = "Task3", "Task3", "{D334761C-7209-48E7-954A-7C08F28AF802}"
EndProject
Project("{FAE04EC0-301F-11D3-BF4B-00C04F79EFBC}") = "Tyuiu.KovyazinAA.Sprint0.Task3.V0", "Tyuiu.KovyazinAA.Sprint0.Task3.V0\Tyuiu.KovyazinAA.Sprint0.Task3.V0.csproj", "{071E462D-5911-492E-B90F-CCAD43684845}"
EndProject
Project("{FAE04EC0-301F-11D3-BF4B-00C04F79EFBC}") = "Tyuiu.KovyazinAA.Sprint0.Task3.V0.Lib", "Tyuiu.KovyazinAA.Sprint0.Task3.V0.Lib\Tyuiu.KovyazinAA.Sprint0.Task3.V0.Lib.csproj", "{013686CE-89EB-44CB-AAA8-BBA5A4B29AE1}"
EndProject
Project("{FAE04EC0-301F-11D3-BF4B-00C04F79EFBC}") = "Tyuiu.KovyazinAA.Sprint0.Task3.V0.Test", "Tyuiu.KovyazinAA.Sprint0.Task3.V0.Test\Tyuiu.KovyazinAA.Sprint0.Task3.V0.Test.csproj", "{8C3D971C-623F-4742-B84D-7F72AD5BE70D}"
EndProject
Project("{2150E333-8FDC-42A3-9474-1A3956D46DE8}") = "Task4", "Task4", "{83621D69-6FA2-4A9A-BFCC-E6AB25B69A80}"
EndProject
Project("{FAE04EC0-301F-11D3-BF4B-00C04F79EFBC}") = "Tyuiu.KovyazinAA.Sprint0.Task4.V0", "Tyuiu.KovyazinAA.Sprint0.Task4.V0\Tyuiu.KovyazinAA.Sprint0.Task4.V0.csproj", "{E593D80C-49CB-4B7F-B458-5905627DDA0D}"
EndProject
Project("{FAE04EC0-301F-11D3-BF4B-00C04F79EFBC}") = "Tyuiu.KovyazinAA.Sprint0.Task4.V0.Lib", "Tyuiu.KovyazinAA.Sprint0.Task4.V0.Lib\Tyuiu.KovyazinAA.Sprint0.Task4.V0.Lib.csproj", "{4A6AE294-6768-4B2D-B28F-10E6A634545D}"
EndProject
Project("{FAE04EC0-301F-11D3-BF4B-00C04F79EFBC}") = "Tyuiu.KovyazinAA.Sprint0.Task4.V0.Test", "Tyuiu.KovyazinAA.Sprint0.Task4.V0.Test\Tyuiu.KovyazinAA.Sprint0.Task4.V0.Test.csproj", "{AF72A1E8-4F2B-4046-863A-8C75AB7E7D99}"
EndProject
Project("{2150E333-8FDC-42A3-9474-1A3956D46DE8}") = "Task5", "Task5", "{F86C2B69-DAA4-4553-B7CC-E6844E248231}"
EndProject
Project("{FAE04EC0-301F-11D3-BF4B-00C04F79EFBC}") = "Tyuiu.KovyazinAA.Sprint0.Task5.V0", "Tyuiu.KovyazinAA.Sprint0.Task5.V0\Tyuiu.KovyazinAA.Sprint0.Task5.V0.csproj", "{0CD656FF-A21F-4B91-BF5D-F7E194ABA6DC}"
EndProject
Project("{FAE04EC0-301F-11D3-BF4B-00C04F79EFBC}") = "Tyuiu.KovyazinAA.Sprint0.Task5.V0.Lib", "Tyuiu.KovyazinAA.Sprint0.Task5.V0.Lib\Tyuiu.KovyazinAA.Sprint0.Task5.V0.Lib.csproj", "{0FB95EDB-A375-4675-AC03-792601A95305}"
EndProject
Project("{FAE04EC0-301F-11D3-BF4B-00C04F79EFBC}") = "Tyuiu.KovyazinAA.Sprint0.Task5.V0.Test", "Tyuiu.KovyazinAA.Sprint0.Task5.V0.Test\Tyuiu.KovyazinAA.Sprint0.Task5.V0.Test.csproj", "{A55A5962-CDF7-4D8D-9D51-9F304F52EE7E}"
EndProject
Project("{2150E333-8FDC-42A3-9474-1A3956D46DE8}") = "Task6", "Task6", "{6B37975F-6A1E-456D-90E9-7C31294A3309}"
EndProject
Project("{FAE04EC0-301F-11D3-BF4B-00C04F79EFBC}") = "Tyuiu.KovyazinAA.Sprint0.Task6.V0", "Tyuiu.KovyazinAA.Sprint0.Task6.V0\Tyuiu.KovyazinAA.Sprint0.Task6.V0.csproj", "{F866358E-CCBC-471E-94FC-388B7BAF15A2}"
EndProject
Project("{FAE04EC0-301F-11D3-BF4B-00C04F79EFBC}") = "Tyuiu.KovyazinAA.Sprint0.Task6.V0.Lib", "Tyuiu.KovyazinAA.Sprint0.Task6.V0.Lib\Tyuiu.KovyazinAA.Sprint0.Task6.V0.Lib.csproj", "{71B58924-443C-4403-A401-48F033241E37}"
EndProject
Project("{FAE04EC0-301F-11D3-BF4B-00C04F79EFBC}") = "Tyuiu.KovyazinAA.Sprint0.Task6.V0.Test", "Tyuiu.KovyazinAA.Sprint0.Task6.V0.Test\Tyuiu.KovyazinAA.Sprint0.Task6.V0.Test.csproj", "{B546B949-448D-4B28-B6F1-2592AB1427D2}"
EndProject
Global
	GlobalSection(SolutionConfigurationPlatforms) = preSolution
		Debug|Any CPU = Debug|Any CPU
		Release|Any CPU = Release|Any CPU
	EndGlobalSection
	GlobalSection(ProjectConfigurationPlatforms) = postSolution
		{C99C6153-DD39-4151-9757-98BE2FCB8982}.Debug|Any CPU.ActiveCfg = Debug|Any CPU
		{C99C6153-DD39-4151-9757-98BE2FCB8982}.Debug|Any CPU.Build.0 = Debug|Any CPU
		{C99C6153-DD39-4151-9757-98BE2FCB8982}.Release|Any CPU.ActiveCfg = Release|Any CPU
		{C99C6153-DD39-4151-9757-98BE2FCB8982}.Release|Any CPU.Build.0 = Release|Any CPU
		{E3BE7E05-2064-478C-B084-6EABF1BD417B}.Debug|Any CPU.ActiveCfg = Debug|Any CPU
		{E3BE7E05-2064-478C-B084-6EABF1BD417B}.Debug|Any CPU.Build.0 = Debug|Any CPU
		{E3BE7E05-2064-478C-B084-6EABF1BD417B}.Release|Any CPU.ActiveCfg = Release|Any CPU
		{E3BE7E05-2064-478C-B084-6EABF1BD417B}.Release|Any CPU.Build.0 = Release|Any CPU
		{CA6CB33A-A068-49D5-8753-CB8EDC677E4F}.Debug|Any CPU.ActiveCfg = Debug|Any CPU
		{CA6CB33A-A068-49D5-8753-CB8EDC677E4F}.Debug|Any CPU.Build.0 = Debug|Any CPU
		{CA6CB33A-A068-49D5-8753-CB8EDC677E4F}.Release|Any CPU.ActiveCfg = Release|Any CPU
		{CA6CB33A-A068-49D5-8753-CB8EDC677E4F}.Release|Any CPU.Build.0 = Release|Any CPU
		{B2103F17-5ADC-4153-8C51-422E8D273D9A}.Debug|Any CPU.ActiveCfg = Debug|Any CPU
		{B2103F17-5ADC-4153-8C51-422E8D273D9A}.Debug|Any CPU.Build.0 = Debug|Any CPU
		{B2103F17-5ADC-4153-8C51-422E8D273D9A}.Release|Any CPU.ActiveCfg = Release|Any CPU
		{B2103F17-5ADC-4153-8C51-422E8D273D9A}.Release|Any CPU.Build.0 = Release|Any CPU
		{E516C9DD-2B20-4C24-94FA-CBCAB2E4AAD5}.Debug|Any CPU.ActiveCfg = Debug|Any CPU
		{E516C9DD-2B20-4C24-94FA-CBCAB2E4AAD5}.Debug|Any CPU.Build.0 = Debug|Any CPU
		{E516C9DD-2B20-4C24-94FA-CBCAB2E4AAD5}.Release|Any CPU.ActiveCfg = Release|Any CPU
		{E516C9DD-2B20-4C24-94FA-CBCAB2E4AAD5}.Release|Any CPU.Build.0 = Release|Any CPU
		{071E462D-5911-492E-B90F-CCAD43684845}.Debug|Any CPU.ActiveCfg = Debug|Any CPU
		{071E462D-5911-492E-B90F-CCAD43684845}.Debug|Any CPU.Build.0 = Debug|Any CPU
		{071E462D-5911-492E-B90F-CCAD43684845}.Release|Any CPU.ActiveCfg = Release|Any CPU
		{071E462D-5911-492E-B90F-CCAD43684845}.Release|Any CPU.Build.0 = Release|Any CPU
		{013686CE-89EB-44CB-AAA8-BBA5A4B29AE1}.Debug|Any CPU.ActiveCfg = Debug|Any CPU
		{013686CE-89EB-44CB-AAA8-BBA5A4B29AE1}.Debug|Any CPU.Build.0 = Debug|Any CPU
		{013686CE-89EB-44CB-AAA8-BBA5A4B29AE1}.Release|Any CPU.ActiveCfg = Release|Any CPU
		{013686CE-89EB-44CB-AAA8-BBA5A4B29AE1}.Release|Any CPU.Build.0 = Release|Any CPU
		{8C3D971C-623F-4742-B84D-7F72AD5BE70D}.Debug|Any CPU.ActiveCfg = Debug|Any CPU
		{8C3D971C-623F-4742-B84D-7F72AD5BE70D}.Debug|Any CPU.Build.0 = Debug|Any CPU
		{8C3D971C-623F-4742-B84D-7F72AD5BE70D}.Release|Any CPU.ActiveCfg = Release|Any CPU
		{8C3D971C-623F-4742-B84D-7F72AD5BE70D}.Release|Any CPU.Build.0 = Release|Any CPU
		{E593D80C-49CB-4B7F-B458-5905627DDA0D}.Debug|Any CPU.ActiveCfg = Debug|Any CPU
		{E593D80C-49CB-4B7F-B458-5905627DDA0D}.Debug|Any CPU.Build.0 = Debug|Any CPU
		{E593D80C-49CB-4B7F-B458-5905627DDA0D}.Release|Any CPU.ActiveCfg = Release|Any CPU
		{E593D80C-49CB-4B7F-B458-5905627DDA0D}.Release|Any CPU.Build.0 = Release|Any CPU
		{4A6AE294-6768-4B2D-B28F-10E6A634545D}.Debug|Any CPU.ActiveCfg = Debug|Any CPU
		{4A6AE294-6768-4B2D-B28F-10E6A634545D}.Debug|Any CPU.Build.0 = Debug|Any CPU
		{4A6AE294-6768-4B2D-B28F-10E6A634545D}.Release|Any CPU.ActiveCfg = Release|Any CPU
		{4A6AE294-6768-4B2D-B28F-10E6A634545D}.Release|Any CPU.Build.0 = Release|Any CPU
		{AF72A1E8-4F2B-4046-863A-8C75AB7E7D99}.Debug|Any CPU.ActiveCfg = Debug|Any CPU
		{AF72A1E8-4F2B-4046-863A-8C75AB7E7D99}.Debug|Any CPU.Build.0 = Debug|Any CPU
		{AF72A1E8-4F2B-4046-863A-8C75AB7E7D99}.Release|Any CPU.ActiveCfg = Release|Any CPU
		{AF72A1E8-4F2B-4046-863A-8C75AB7E7D99}.Release|Any CPU.Build.0 = Release|Any CPU
		{0CD656FF-A21F-4B91-BF5D-F7E194ABA6DC}.Debug|Any CPU.ActiveCfg = Debug|Any CPU
		{0CD656FF-A21F-4B91-BF5D-F7E194ABA6DC}.Debug|Any CPU.Build.0 = Debug|Any CPU
		{0CD656FF-A21F-4B91-BF5D-F7E194ABA6DC}.Release|Any CPU.ActiveCfg = Release|Any CPU
		{0CD656FF-A21F-4B91-BF5D-F7E194ABA6DC}.Release|Any CPU.Build.0 = Release|Any CPU
		{0FB95EDB-A375-4675-AC03-792601A95305}.Debug|Any CPU.ActiveCfg = Debug|Any CPU
		{0FB95EDB-A375-4675-AC03-792601A95305}.Debug|Any CPU.Build.0 = Debug|Any CPU
		{0FB95EDB-A375-4675-AC03-792601A95305}.Release|Any CPU.ActiveCfg = Release|Any CPU
		{0FB95EDB-A375-4675-AC03-792601A95305}.Release|Any CPU.Build.0 = Release|Any CPU
		{A55A5962-CDF7-4D8D-9D51-9F304F52EE7E}.Debug|Any CPU.ActiveCfg = Debug|Any CPU
		{A55A5962-CDF7-4D8D-9D51-9F304F52EE7E}.Debug|Any CPU.Build.0 = Debug|Any CPU
		{A55A5962-CDF7-4D8D-9D51-9F304F52EE7E}.Release|Any CPU.ActiveCfg = Release|Any CPU
		{A55A5962-CDF7-4D8D-9D51-9F304F52EE7E}.Release|Any CPU.Build.0 = Release|Any CPU
		{F866358E-CCBC-471E-94FC-388B7BAF15A2}.Debug|Any CPU.ActiveCfg = Debug|Any CPU
		{F866358E-CCBC-471E-94FC-388B7BAF15A2}.Debug|Any CPU.Build.0 = Debug|Any CPU
		{F866358E-CCBC-471E-94FC-388B7BAF15A2}.Release|Any CPU.ActiveCfg = Release|Any CPU
		{F866358E-CCBC-471E-94FC-388B7BAF15A2}.Release|Any CPU.Build.0 = Release|Any CPU
		{71B58924-443C-4403-A401-48F033241E37}.Debug|Any CPU.ActiveCfg = Debug|Any CPU
		{71B58924-443C-4403-A401-48F033241E37}.Debug|Any CPU.Build.0 = Debug|Any CPU
		{71B58924-443C-4403-A401-48F033241E37}.Release|Any CPU.ActiveCfg = Release|Any CPU
		{71B58924-443C-4403-A401-48F033241E37}.Release|Any CPU.Build.0 = Release|Any CPU
		{B546B949-448D-4B28-B6F1-2592AB1427D2}.Debug|Any CPU.ActiveCfg = Debug|Any CPU
		{B546B949-448D-4B28-B6F1-2592AB1427D2}.Debug|Any CPU.Build.0 = Debug|Any CPU
		{B546B949-448D-4B28-B6F1-2592AB1427D2}.Release|Any CPU.ActiveCfg = Release|Any CPU
		{B546B949-448D-4B28-B6F1-2592AB1427D2}.Release|Any CPU.Build.0 = Release|Any CPU
	EndGlobalSection
	GlobalSection(SolutionProperties) = preSolution
		HideSolutionNode = FALSE
	EndGlobalSection
	GlobalSection(NestedProjects) = preSolution
		{C99C6153-DD39-4151-9757-98BE2FCB8982} = {B8E9FF77-7476-46DD-943E-4C2C553E375B}
		{E3BE7E05-2064-478C-B084-6EABF1BD417B} = {77C27AF7-9111-4850-AFFD-971E1493F5C0}
		{CA6CB33A-A068-49D5-8753-CB8EDC677E4F} = {2F8ED577-F473-4764-AE9E-982C6585D0CC}
		{B2103F17-5ADC-4153-8C51-422E8D273D9A} = {2F8ED577-F473-4764-AE9E-982C6585D0CC}
		{E516C9DD-2B20-4C24-94FA-CBCAB2E4AAD5} = {2F8ED577-F473-4764-AE9E-982C6585D0CC}
		{071E462D-5911-492E-B90F-CCAD43684845} = {D334761C-7209-48E7-954A-7C08F28AF802}
		{013686CE-89EB-44CB-AAA8-BBA5A4B29AE1} = {D334761C-7209-48E7-954A-7C08F28AF802}
		{8C3D971C-623F-4742-B84D-7F72AD5BE70D} = {D334761C-7209-48E7-954A-7C08F28AF802}
		{E593D80C-49CB-4B7F-B458-5905627DDA0D} = {83621D69-6FA2-4A9A-BFCC-E6AB25B69A80}
		{4A6AE294-6768-4B2D-B28F-10E6A634545D} = {83621D69-6FA2-4A9A-BFCC-E6AB25B69A80}
		{AF72A1E8-4F2B-4046-863A-8C75AB7E7D99} = {83621D69-6FA2-4A9A-BFCC-E6AB25B69A80}
		{0CD656FF-A21F-4B91-BF5D-F7E194ABA6DC} = {F86C2B69-DAA4-4553-B7CC-E6844E248231}
		{0FB95EDB-A375-4675-AC03-792601A95305} = {F86C2B69-DAA4-4553-B7CC-E6844E248231}
		{A55A5962-CDF7-4D8D-9D51-9F304F52EE7E} = {F86C2B69-DAA4-4553-B7CC-E6844E248231}
		{F866358E-CCBC-471E-94FC-388B7BAF15A2} = {6B37975F-6A1E-456D-90E9-7C31294A3309}
		{71B58924-443C-4403-A401-48F033241E37} = {6B37975F-6A1E-456D-90E9-7C31294A3309}
		{B546B949-448D-4B28-B6F1-2592AB1427D2} = {6B37975F-6A1E-456D-90E9-7C31294A3309}
	EndGlobalSection
	GlobalSection(ExtensibilityGlobals) = postSolution
		SolutionGuid = {EACAB919-305C-40C6-B33B-89D36EBA3ADC}
	EndGlobalSection
EndGlobal
